github.com/ankit-arora/bitset v0.0.0-20250212073004-6a047aa1a9a0 h1:JyA18PQF4iTPQIcoNOEqMF57xqyEQfyQ3m6m4PBwixA=
github.com/ankit-arora/bitset v0.0.0-20250212073004-6a047aa1a9a0/go.mod h1:MRSlmrdLddhEBedrKXTny+jel6K/MpE2Hl0dj1dfoeo=
github.com/twmb/murmur3 v1.1.8 h1:8Yt9taO/WN3l08xErzjeschgZU2QSrwm1kclYq+0aRg=
github.com/twmb/murmur3 v1.1.8/go.mod h1:Qq/R7NUyOfr65zD+6Q5IHKsJLwP7exErjN6lyyq3OSQ=
